
Microsoft Visual Studio Solution File, Format Version 12.00
# Visual Studio Version 17
VisualStudioVersion = 17.4.33122.133
MinimumVisualStudioVersion = 10.0.40219.1
Project("{FAE04EC0-301F-11D3-BF4B-00C04F79EFBC}") = "APITest", "APITest.csproj", "{3425B9CA-4C16-41B3-8752-13C147A8B014}"
EndProject
Project("{FAE04EC0-301F-11D3-BF4B-00C04F79EFBC}") = "API", "..\API\API.csproj", "{AED789B9-FF76-434F-8A7A-A9FD87D36921}"
EndProject
Global
	GlobalSection(SolutionConfigurationPlatforms) = preSolution
		Debug|Any CPU = Debug|Any CPU
		Release|Any CPU = Release|Any CPU
	EndGlobalSection
	GlobalSection(ProjectConfigurationPlatforms) = postSolution
		{3425B9CA-4C16-41B3-8752-13C147A8B014}.Debug|Any CPU.ActiveCfg = Debug|Any CPU
		{3425B9CA-4C16-41B3-8752-13C147A8B014}.Debug|Any CPU.Build.0 = Debug|Any CPU
		{3425B9CA-4C16-41B3-8752-13C147A8B014}.Release|Any CPU.ActiveCfg = Release|Any CPU
		{3425B9CA-4C16-41B3-8752-13C147A8B014}.Release|Any CPU.Build.0 = Release|Any CPU
		{AED789B9-FF76-434F-8A7A-A9FD87D36921}.Debug|Any CPU.ActiveCfg = Debug|Any CPU
		{AED789B9-FF76-434F-8A7A-A9FD87D36921}.Debug|Any CPU.Build.0 = Debug|Any CPU
		{AED789B9-FF76-434F-8A7A-A9FD87D36921}.Release|Any CPU.ActiveCfg = Release|Any CPU
		{AED789B9-FF76-434F-8A7A-A9FD87D36921}.Release|Any CPU.Build.0 = Release|Any CPU
	EndGlobalSection
	GlobalSection(SolutionProperties) = preSolution
		HideSolutionNode = FALSE
	EndGlobalSection
	GlobalSection(ExtensibilityGlobals) = postSolution
		SolutionGuid = {38BF4992-BC24-4766-9263-7973EAD05DA6}
	EndGlobalSection
EndGlobal
